
Microsoft Visual Studio Solution File, Format Version 12.00
# Visual Studio Version 16
VisualStudioVersion = 16.0.31624.102
MinimumVisualStudioVersion = 10.0.40219.1
Project("{9A19103F-16F7-4668-BE54-9A1E7A4F7556}") = "TP3", "TP3.csproj", "{7234CF89-061A-4B3C-A805-EDDE931D4536}"
EndProject
Project("{FAE04EC0-301F-11D3-BF4B-00C04F79EFBC}") = "BibliotecaDeClases", "..\BibliotecaDeClases\BibliotecaDeClases.csproj", "{D6AEA1B9-5527-4108-85D4-99161F9B7835}"
EndProject
Global
	GlobalSection(SolutionConfigurationPlatforms) = preSolution
		Debug|Any CPU = Debug|Any CPU
		Release|Any CPU = Release|Any CPU
	EndGlobalSection
	GlobalSection(ProjectConfigurationPlatforms) = postSolution
		{7234CF89-061A-4B3C-A805-EDDE931D4536}.Debug|Any CPU.ActiveCfg = Debug|Any CPU
		{7234CF89-061A-4B3C-A805-EDDE931D4536}.Debug|Any CPU.Build.0 = Debug|Any CPU
		{7234CF89-061A-4B3C-A805-EDDE931D4536}.Release|Any CPU.ActiveCfg = Release|Any CPU
		{7234CF89-061A-4B3C-A805-EDDE931D4536}.Release|Any CPU.Build.0 = Release|Any CPU
		{D6AEA1B9-5527-4108-85D4-99161F9B7835}.Debug|Any CPU.ActiveCfg = Debug|Any CPU
		{D6AEA1B9-5527-4108-85D4-99161F9B7835}.Debug|Any CPU.Build.0 = Debug|Any CPU
		{D6AEA1B9-5527-4108-85D4-99161F9B7835}.Release|Any CPU.ActiveCfg = Release|Any CPU
		{D6AEA1B9-5527-4108-85D4-99161F9B7835}.Release|Any CPU.Build.0 = Release|Any CPU
	EndGlobalSection
	GlobalSection(SolutionProperties) = preSolution
		HideSolutionNode = FALSE
	EndGlobalSection
	GlobalSection(ExtensibilityGlobals) = postSolution
		SolutionGuid = {200D504C-9A8B-4808-96A8-2674BFD92F1A}
	EndGlobalSection
EndGlobal
